
Microsoft Visual Studio Solution File, Format Version 12.00
# Visual Studio Version 17
VisualStudioVersion = 17.0.32126.317
MinimumVisualStudioVersion = 10.0.40219.1
Project("{FAE04EC0-301F-11D3-BF4B-00C04F79EFBC}") = "MVCFlowerShop", "MVCFlowerShop\MVCFlowerShop.csproj", "{8079B3B6-2414-41D6-B458-8854A48CD7D3}"
EndProject
Global
	GlobalSection(SolutionConfigurationPlatforms) = preSolution
		Debug|Any CPU = Debug|Any CPU
		Release|Any CPU = Release|Any CPU
	EndGlobalSection
	GlobalSection(ProjectConfigurationPlatforms) = postSolution
		{8079B3B6-2414-41D6-B458-8854A48CD7D3}.Debug|Any CPU.ActiveCfg = Debug|Any CPU
		{8079B3B6-2414-41D6-B458-8854A48CD7D3}.Debug|Any CPU.Build.0 = Debug|Any CPU
		{8079B3B6-2414-41D6-B458-8854A48CD7D3}.Release|Any CPU.ActiveCfg = Release|Any CPU
		{8079B3B6-2414-41D6-B458-8854A48CD7D3}.Release|Any CPU.Build.0 = Release|Any CPU
	EndGlobalSection
	GlobalSection(SolutionProperties) = preSolution
		HideSolutionNode = FALSE
	EndGlobalSection
	GlobalSection(ExtensibilityGlobals) = postSolution
		SolutionGuid = {2B6557C2-DA09-4525-9380-06F545114775}
	EndGlobalSection
EndGlobal
